PODS:
  - Alamofire (3.4.0)
  - SDWebImage (3.7.6):
    - SDWebImage/Core (= 3.7.6)
  - SDWebImage/Core (3.7.6)
  - SnapKit (0.21.0)
  - SwiftyJSON (2.3.2)

DEPENDENCIES:
  - Alamofire
  - SDWebImage
  - SnapKit
  - SwiftyJSON

SPEC CHECKSUMS:
  Alamofire: c19a627cefd6a95f840401c49ab1f124e07f54ee
  SDWebImage: c325cf02c30337336b95beff20a13df489ec0ec9
  SnapKit: 2756fe24b706367af224c9c508d2f9166d03354c
  SwiftyJSON: 04ccea08915aa0109039157c7974cf0298da292a

COCOAPODS: 0.39.0
