// !$*UTF8*$!
{
	archiveVersion = 1;
	classes = {
	};
	objectVersion = 46;
	objects = {

/* Begin PBXBuildFile section */
		A73D9E4B2837F455C839535C /* Pods_GYJingDong.framework in Frameworks */ = {isa = PBXBuildFile; fileRef = 01F9A8DB6D1ACF82E97F938D /* Pods_GYJingDong.framework */; };
		B705ED2E1D12664B0044DE64 /* FoundHeadView.swift in Sources */ = {isa = PBXBuildFile; fileRef = B705ED2D1D12664B0044DE64 /* FoundHeadView.swift */; };
		B705ED321D1273330044DE64 /* ChildHeadView.swift in Sources */ = {isa = PBXBuildFile; fileRef = B705ED311D1273330044DE64 /* ChildHeadView.swift */; };
		B705ED351D127F040044DE64 /* GYBanner.swift in Sources */ = {isa = PBXBuildFile; fileRef = B705ED341D127F040044DE64 /* GYBanner.swift */; };
		B705ED371D1282860044DE64 /* GYBannerModel.swift in Sources */ = {isa = PBXBuildFile; fileRef = B705ED361D1282860044DE64 /* GYBannerModel.swift */; };
		B705ED391D12A7A30044DE64 /* FoundCell.swift in Sources */ = {isa = PBXBuildFile; fileRef = B705ED381D12A7A30044DE64 /* FoundCell.swift */; };
		B705ED3B1D12A7CD0044DE64 /* FoundCell.xib in Resources */ = {isa = PBXBuildFile; fileRef = B705ED3A1D12A7CD0044DE64 /* FoundCell.xib */; };
		B75FCF611D1129C10039F935 /* GYNetWorking.swift in Sources */ = {isa = PBXBuildFile; fileRef = B75FCF601D1129C10039F935 /* GYNetWorking.swift */; };
		B75FCF631D1129CA0039F935 /* NetWorkPlist.plist in Resources */ = {isa = PBXBuildFile; fileRef = B75FCF621D1129CA0039F935 /* NetWorkPlist.plist */; };
		B75FCF651D112AAD0039F935 /* OAuthVCViewController.swift in Sources */ = {isa = PBXBuildFile; fileRef = B75FCF641D112AAD0039F935 /* OAuthVCViewController.swift */; };
		B75FCF671D1130010039F935 /* GlobaVivale.swift in Sources */ = {isa = PBXBuildFile; fileRef = B75FCF661D1130010039F935 /* GlobaVivale.swift */; };
		B75FCF691D1130710039F935 /* UserAccount.swift in Sources */ = {isa = PBXBuildFile; fileRef = B75FCF681D1130710039F935 /* UserAccount.swift */; };
		B75FCF711D1144160039F935 /* GYTabBarViewController.swift in Sources */ = {isa = PBXBuildFile; fileRef = B75FCF701D1144160039F935 /* GYTabBarViewController.swift */; };
		B75FCF791D1146930039F935 /* GYBaseViewController.swift in Sources */ = {isa = PBXBuildFile; fileRef = B75FCF781D1146930039F935 /* GYBaseViewController.swift */; };
		B75FCF7B1D11492E0039F935 /* ValueBuyVC.swift in Sources */ = {isa = PBXBuildFile; fileRef = B75FCF7A1D11492E0039F935 /* ValueBuyVC.swift */; };
		B75FCF7D1D1149430039F935 /* FoundVC.swift in Sources */ = {isa = PBXBuildFile; fileRef = B75FCF7C1D1149430039F935 /* FoundVC.swift */; };
		B75FCF7F1D11496D0039F935 /* GoodThingVC.swift in Sources */ = {isa = PBXBuildFile; fileRef = B75FCF7E1D11496D0039F935 /* GoodThingVC.swift */; };
		B75FCF811D11497E0039F935 /* MeVC.swift in Sources */ = {isa = PBXBuildFile; fileRef = B75FCF801D11497E0039F935 /* MeVC.swift */; };
		B76BE0FA1D19092000A4B6E9 /* SQLite.framework in Frameworks */ = {isa = PBXBuildFile; fileRef = B76BE0F91D19092000A4B6E9 /* SQLite.framework */; };
		B76BE0FC1D190B0000A4B6E9 /* GYSQLite.swift in Sources */ = {isa = PBXBuildFile; fileRef = B76BE0FB1D190B0000A4B6E9 /* GYSQLite.swift */; };
		B76BE0FE1D19542400A4B6E9 /* GYBaseWebViewController.swift in Sources */ = {isa = PBXBuildFile; fileRef = B76BE0FD1D19542400A4B6E9 /* GYBaseWebViewController.swift */; };
		B76BE1001D1955A400A4B6E9 /* DetailViewController.swift in Sources */ = {isa = PBXBuildFile; fileRef = B76BE0FF1D1955A400A4B6E9 /* DetailViewController.swift */; };
		B76BE1041D1A402D00A4B6E9 /* GoodThingTableViewCell.swift in Sources */ = {isa = PBXBuildFile; fileRef = B76BE1021D1A402D00A4B6E9 /* GoodThingTableViewCell.swift */; };
		B76BE1051D1A402D00A4B6E9 /* GoodThingTableViewCell.xib in Resources */ = {isa = PBXBuildFile; fileRef = B76BE1031D1A402D00A4B6E9 /* GoodThingTableViewCell.xib */; };
		B77D081E1D2DF03400F1F2ED /* CircularLoaderView.swift in Sources */ = {isa = PBXBuildFile; fileRef = B77D081D1D2DF03400F1F2ED /* CircularLoaderView.swift */; };
		B79153951D33B5DD008D4E6A /* SystemConfiguration.framework in Frameworks */ = {isa = PBXBuildFile; fileRef = B79153941D33B5DD008D4E6A /* SystemConfiguration.framework */; };
		B796D9B61D0FA81B00F0A2ED /* AppDelegate.swift in Sources */ = {isa = PBXBuildFile; fileRef = B796D9B51D0FA81B00F0A2ED /* AppDelegate.swift */; };
		B796D9B81D0FA81B00F0A2ED /* ViewController.swift in Sources */ = {isa = PBXBuildFile; fileRef = B796D9B71D0FA81B00F0A2ED /* ViewController.swift */; };
		B796D9BB1D0FA81B00F0A2ED /* Main.storyboard in Resources */ = {isa = PBXBuildFile; fileRef = B796D9B91D0FA81B00F0A2ED /* Main.storyboard */; };
		B796D9BD1D0FA81B00F0A2ED /* Assets.xcassets in Resources */ = {isa = PBXBuildFile; fileRef = B796D9BC1D0FA81B00F0A2ED /* Assets.xcassets */; };
		B796D9C01D0FA81B00F0A2ED /* LaunchScreen.storyboard in Resources */ = {isa = PBXBuildFile; fileRef = B796D9BE1D0FA81B00F0A2ED /* LaunchScreen.storyboard */; };
		B796D9CB1D0FA81B00F0A2ED /* GYJingDongTests.swift in Sources */ = {isa = PBXBuildFile; fileRef = B796D9CA1D0FA81B00F0A2ED /* GYJingDongTests.swift */; };
		B796D9D61D0FA81B00F0A2ED /* GYJingDongUITests.swift in Sources */ = {isa = PBXBuildFile; fileRef = B796D9D51D0FA81B00F0A2ED /* GYJingDongUITests.swift */; };
		B797CAA21D179F2900491C11 /* MJ.gif in Resources */ = {isa = PBXBuildFile; fileRef = B797CAA11D179F2900491C11 /* MJ.gif */; };
		B797CAA71D17EC0300491C11 /* FoundViewModel.swift in Sources */ = {isa = PBXBuildFile; fileRef = B797CAA61D17EC0300491C11 /* FoundViewModel.swift */; };
		B797CAA91D17EE0C00491C11 /* ViewModelClass.swift in Sources */ = {isa = PBXBuildFile; fileRef = B797CAA81D17EE0C00491C11 /* ViewModelClass.swift */; };
		B797CAAC1D17F39C00491C11 /* LogOverride.swift in Sources */ = {isa = PBXBuildFile; fileRef = B797CAAB1D17F39C00491C11 /* LogOverride.swift */; };
/* End PBXBuildFile section */

/* Begin PBXContainerItemProxy section */
		B796D9C71D0FA81B00F0A2ED /* PBXContainerItemProxy */ = {
			isa = PBXContainerItemProxy;
			containerPortal = B796D9AA1D0FA81B00F0A2ED /* Project object */;
			proxyType = 1;
			remoteGlobalIDString = B796D9B11D0FA81B00F0A2ED;
			remoteInfo = GYJingDong;
		};
		B796D9D21D0FA81B00F0A2ED /* PBXContainerItemProxy */ = {
			isa = PBXContainerItemProxy;
			containerPortal = B796D9AA1D0FA81B00F0A2ED /* Project object */;
			proxyType = 1;
			remoteGlobalIDString = B796D9B11D0FA81B00F0A2ED;
			remoteInfo = GYJingDong;
		};
/* End PBXContainerItemProxy section */

/* Begin PBXFileReference section */
		01F9A8DB6D1ACF82E97F938D /* Pods_GYJingDong.framework */ = {isa = PBXFileReference; explicitFileType = wrapper.framework; includeInIndex = 0; path = Pods_GYJingDong.framework; sourceTree = BUILT_PRODUCTS_DIR; };
		094782EB7C494F640C93EB3B /* Pods-GYJingDong.release.xcconfig */ = {isa = PBXFileReference; includeInIndex = 1; lastKnownFileType = text.xcconfig; name = "Pods-GYJingDong.release.xcconfig"; path = "Pods/Target Support Files/Pods-GYJingDong/Pods-GYJingDong.release.xcconfig"; sourceTree = "<group>"; };
		9565E2E7C43A6BCBA112C59A /* Pods-GYJingDong.debug.xcconfig */ = {isa = PBXFileReference; includeInIndex = 1; lastKnownFileType = text.xcconfig; name = "Pods-GYJingDong.debug.xcconfig"; path = "Pods/Target Support Files/Pods-GYJingDong/Pods-GYJingDong.debug.xcconfig"; sourceTree = "<group>"; };
		B705ED2D1D12664B0044DE64 /* FoundHeadView.swift */ = {isa = PBXFileReference; fileEncoding = 4; lastKnownFileType = sourcecode.swift; path = FoundHeadView.swift; sourceTree = "<group>"; };
		B705ED311D1273330044DE64 /* ChildHeadView.swift */ = {isa = PBXFileReference; fileEncoding = 4; lastKnownFileType = sourcecode.swift; path = ChildHeadView.swift; sourceTree = "<group>"; };
		B705ED341D127F040044DE64 /* GYBanner.swift */ = {isa = PBXFileReference; fileEncoding = 4; lastKnownFileType = sourcecode.swift; path = GYBanner.swift; sourceTree = "<group>"; };
		B705ED361D1282860044DE64 /* GYBannerModel.swift */ = {isa = PBXFileReference; fileEncoding = 4; lastKnownFileType = sourcecode.swift; path = GYBannerModel.swift; sourceTree = "<group>"; };
		B705ED381D12A7A30044DE64 /* FoundCell.swift */ = {isa = PBXFileReference; fileEncoding = 4; lastKnownFileType = sourcecode.swift; path = FoundCell.swift; sourceTree = "<group>"; };
		B705ED3A1D12A7CD0044DE64 /* FoundCell.xib */ = {isa = PBXFileReference; fileEncoding = 4; lastKnownFileType = file.xib; path = FoundCell.xib; sourceTree = "<group>"; };
		B75FCF601D1129C10039F935 /* GYNetWorking.swift */ = {isa = PBXFileReference; fileEncoding = 4; lastKnownFileType = sourcecode.swift; name = GYNetWorking.swift; path = ../GYNetWorking.swift; sourceTree = "<group>"; };
		B75FCF621D1129CA0039F935 /* NetWorkPlist.plist */ = {isa = PBXFileReference; fileEncoding = 4; lastKnownFileType = text.plist.xml; name = NetWorkPlist.plist; path = ../NetWorkPlist.plist; sourceTree = "<group>"; };
		B75FCF641D112AAD0039F935 /* OAuthVCViewController.swift */ = {isa = PBXFileReference; fileEncoding = 4; lastKnownFileType = sourcecode.swift; path = OAuthVCViewController.swift; sourceTree = "<group>"; };
		B75FCF661D1130010039F935 /* GlobaVivale.swift */ = {isa = PBXFileReference; fileEncoding = 4; lastKnownFileType = sourcecode.swift; path = GlobaVivale.swift; sourceTree = "<group>"; };
		B75FCF681D1130710039F935 /* UserAccount.swift */ = {isa = PBXFileReference; fileEncoding = 4; lastKnownFileType = sourcecode.swift; path = UserAccount.swift; sourceTree = "<group>"; };
		B75FCF6B1D1142DE0039F935 /* GYJingDong-Bridging-Header.h */ = {isa = PBXFileReference; lastKnownFileType = sourcecode.c.h; path = "GYJingDong-Bridging-Header.h"; sourceTree = "<group>"; };
		B75FCF701D1144160039F935 /* GYTabBarViewController.swift */ = {isa = PBXFileReference; fileEncoding = 4; lastKnownFileType = sourcecode.swift; path = GYTabBarViewController.swift; sourceTree = "<group>"; };
		B75FCF781D1146930039F935 /* GYBaseViewController.swift */ = {isa = PBXFileReference; fileEncoding = 4; lastKnownFileType = sourcecode.swift; path = GYBaseViewController.swift; sourceTree = "<group>"; };
		B75FCF7A1D11492E0039F935 /* ValueBuyVC.swift */ = {isa = PBXFileReference; fileEncoding = 4; lastKnownFileType = sourcecode.swift; path = ValueBuyVC.swift; sourceTree = "<group>"; };
		B75FCF7C1D1149430039F935 /* FoundVC.swift */ = {isa = PBXFileReference; fileEncoding = 4; lastKnownFileType = sourcecode.swift; path = FoundVC.swift; sourceTree = "<group>"; };
		B75FCF7E1D11496D0039F935 /* GoodThingVC.swift */ = {isa = PBXFileReference; fileEncoding = 4; lastKnownFileType = sourcecode.swift; path = GoodThingVC.swift; sourceTree = "<group>"; };
		B75FCF801D11497E0039F935 /* MeVC.swift */ = {isa = PBXFileReference; fileEncoding = 4; lastKnownFileType = sourcecode.swift; path = MeVC.swift; sourceTree = "<group>"; };
		B76BE0F71D1907C200A4B6E9 /* libsqlite3.0.tbd */ = {isa = PBXFileReference; lastKnownFileType = "sourcecode.text-based-dylib-definition"; name = libsqlite3.0.tbd; path = usr/lib/libsqlite3.0.tbd; sourceTree = SDKROOT; };
		B76BE0F91D19092000A4B6E9 /* SQLite.framework */ = {isa = PBXFileReference; lastKnownFileType = wrapper.framework; name = SQLite.framework; path = "../../../../Library/Developer/Xcode/DerivedData/GYJingDong-fjvduqwxekslqwereftnvnjytoll/Build/Products/Debug-iphonesimulator/SQLite.framework"; sourceTree = "<group>"; };
		B76BE0FB1D190B0000A4B6E9 /* GYSQLite.swift */ = {isa = PBXFileReference; fileEncoding = 4; lastKnownFileType = sourcecode.swift; path = GYSQLite.swift; sourceTree = "<group>"; };
		B76BE0FD1D19542400A4B6E9 /* GYBaseWebViewController.swift */ = {isa = PBXFileReference; fileEncoding = 4; lastKnownFileType = sourcecode.swift; path = GYBaseWebViewController.swift; sourceTree = "<group>"; };
		B76BE0FF1D1955A400A4B6E9 /* DetailViewController.swift */ = {isa = PBXFileReference; fileEncoding = 4; lastKnownFileType = sourcecode.swift; path = DetailViewController.swift; sourceTree = "<group>"; };
		B76BE1021D1A402D00A4B6E9 /* GoodThingTableViewCell.swift */ = {isa = PBXFileReference; fileEncoding = 4; lastKnownFileType = sourcecode.swift; path = GoodThingTableViewCell.swift; sourceTree = "<group>"; };
		B76BE1031D1A402D00A4B6E9 /* GoodThingTableViewCell.xib */ = {isa = PBXFileReference; fileEncoding = 4; lastKnownFileType = file.xib; path = GoodThingTableViewCell.xib; sourceTree = "<group>"; };
		B77D081D1D2DF03400F1F2ED /* CircularLoaderView.swift */ = {isa = PBXFileReference; fileEncoding = 4; lastKnownFileType = sourcecode.swift; path = CircularLoaderView.swift; sourceTree = "<group>"; };
		B79153941D33B5DD008D4E6A /* SystemConfiguration.framework */ = {isa = PBXFileReference; lastKnownFileType = wrapper.framework; name = SystemConfiguration.framework; path = System/Library/Frameworks/SystemConfiguration.framework; sourceTree = SDKROOT; };
		B796D9B21D0FA81B00F0A2ED /* GYJingDong.app */ = {isa = PBXFileReference; explicitFileType = wrapper.application; includeInIndex = 0; path = GYJingDong.app; sourceTree = BUILT_PRODUCTS_DIR; };
		B796D9B51D0FA81B00F0A2ED /* AppDelegate.swift */ = {isa = PBXFileReference; lastKnownFileType = sourcecode.swift; path = AppDelegate.swift; sourceTree = "<group>"; };
		B796D9B71D0FA81B00F0A2ED /* ViewController.swift */ = {isa = PBXFileReference; lastKnownFileType = sourcecode.swift; path = ViewController.swift; sourceTree = "<group>"; };
		B796D9BA1D0FA81B00F0A2ED /* Base */ = {isa = PBXFileReference; lastKnownFileType = file.storyboard; name = Base; path = Base.lproj/Main.storyboard; sourceTree = "<group>"; };
		B796D9BC1D0FA81B00F0A2ED /* Assets.xcassets */ = {isa = PBXFileReference; lastKnownFileType = folder.assetcatalog; path = Assets.xcassets; sourceTree = "<group>"; };
		B796D9BF1D0FA81B00F0A2ED /* Base */ = {isa = PBXFileReference; lastKnownFileType = file.storyboard; name = Base; path = Base.lproj/LaunchScreen.storyboard; sourceTree = "<group>"; };
		B796D9C11D0FA81B00F0A2ED /* Info.plist */ = {isa = PBXFileReference; lastKnownFileType = text.plist.xml; path = Info.plist; sourceTree = "<group>"; };
		B796D9C61D0FA81B00F0A2ED /* GYJingDongTests.xctest */ = {isa = PBXFileReference; explicitFileType = wrapper.cfbundle; includeInIndex = 0; path = GYJingDongTests.xctest; sourceTree = BUILT_PRODUCTS_DIR; };
		B796D9CA1D0FA81B00F0A2ED /* GYJingDongTests.swift */ = {isa = PBXFileReference; lastKnownFileType = sourcecode.swift; path = GYJingDongTests.swift; sourceTree = "<group>"; };
		B796D9CC1D0FA81B00F0A2ED /* Info.plist */ = {isa = PBXFileReference; lastKnownFileType = text.plist.xml; path = Info.plist; sourceTree = "<group>"; };
		B796D9D11D0FA81B00F0A2ED /* GYJingDongUITests.xctest */ = {isa = PBXFileReference; explicitFileType = wrapper.cfbundle; includeInIndex = 0; path = GYJingDongUITests.xctest; sourceTree = BUILT_PRODUCTS_DIR; };
		B796D9D51D0FA81B00F0A2ED /* GYJingDongUITests.swift */ = {isa = PBXFileReference; lastKnownFileType = sourcecode.swift; path = GYJingDongUITests.swift; sourceTree = "<group>"; };
		B796D9D71D0FA81B00F0A2ED /* Info.plist */ = {isa = PBXFileReference; lastKnownFileType = text.plist.xml; path = Info.plist; sourceTree = "<group>"; };
		B797CAA11D179F2900491C11 /* MJ.gif */ = {isa = PBXFileReference; lastKnownFileType = image.gif; path = MJ.gif; sourceTree = "<group>"; };
		B797CAA61D17EC0300491C11 /* FoundViewModel.swift */ = {isa = PBXFileReference; fileEncoding = 4; lastKnownFileType = sourcecode.swift; path = FoundViewModel.swift; sourceTree = "<group>"; };
		B797CAA81D17EE0C00491C11 /* ViewModelClass.swift */ = {isa = PBXFileReference; fileEncoding = 4; lastKnownFileType = sourcecode.swift; path = ViewModelClass.swift; sourceTree = "<group>"; };
		B797CAAB1D17F39C00491C11 /* LogOverride.swift */ = {isa = PBXFileReference; fileEncoding = 4; lastKnownFileType = sourcecode.swift; path = LogOverride.swift; sourceTree = "<group>"; };
/* End PBXFileReference section */

/* Begin PBXFrameworksBuildPhase section */
		B796D9AF1D0FA81B00F0A2ED /* Frameworks */ = {
			isa = PBXFrameworksBuildPhase;
			buildActionMask = 2147483647;
			files = (
				B79153951D33B5DD008D4E6A /* SystemConfiguration.framework in Frameworks */,
				B76BE0FA1D19092000A4B6E9 /* SQLite.framework in Frameworks */,
				A73D9E4B2837F455C839535C /* Pods_GYJingDong.framework in Frameworks */,
			);
			runOnlyForDeploymentPostprocessing = 0;
		};
		B796D9C31D0FA81B00F0A2ED /* Frameworks */ = {
			isa = PBXFrameworksBuildPhase;
			buildActionMask = 2147483647;
			files = (
			);
			runOnlyForDeploymentPostprocessing = 0;
		};
		B796D9CE1D0FA81B00F0A2ED /* Frameworks */ = {
			isa = PBXFrameworksBuildPhase;
			buildActionMask = 2147483647;
			files = (
			);
			runOnlyForDeploymentPostprocessing = 0;
		};
/* End PBXFrameworksBuildPhase section */

/* Begin PBXGroup section */
		4091FE06FD13AB8285204070 /* Frameworks */ = {
			isa = PBXGroup;
			children = (
				B79153941D33B5DD008D4E6A /* SystemConfiguration.framework */,
				B76BE0F91D19092000A4B6E9 /* SQLite.framework */,
				B76BE0F71D1907C200A4B6E9 /* libsqlite3.0.tbd */,
				01F9A8DB6D1ACF82E97F938D /* Pods_GYJingDong.framework */,
			);
			name = Frameworks;
			sourceTree = "<group>";
		};
		A93241A9B4B1EB6D3DF7B7CE /* Pods */ = {
			isa = PBXGroup;
			children = (
				9565E2E7C43A6BCBA112C59A /* Pods-GYJingDong.debug.xcconfig */,
				094782EB7C494F640C93EB3B /* Pods-GYJingDong.release.xcconfig */,
			);
			name = Pods;
			sourceTree = "<group>";
		};
		B705ED291D12661E0044DE64 /* View */ = {
			isa = PBXGroup;
			children = (
				B705ED2D1D12664B0044DE64 /* FoundHeadView.swift */,
				B705ED311D1273330044DE64 /* ChildHeadView.swift */,
				B705ED381D12A7A30044DE64 /* FoundCell.swift */,
				B705ED3A1D12A7CD0044DE64 /* FoundCell.xib */,
				B76BE0FF1D1955A400A4B6E9 /* DetailViewController.swift */,
			);
			path = View;
			sourceTree = "<group>";
		};
		B705ED2F1D1272E40044DE64 /* ModelView */ = {
			isa = PBXGroup;
			children = (
				B797CAA61D17EC0300491C11 /* FoundViewModel.swift */,
				B797CAA81D17EE0C00491C11 /* ViewModelClass.swift */,
			);
			path = ModelView;
			sourceTree = "<group>";
		};
		B705ED301D1272EC0044DE64 /* Model */ = {
			isa = PBXGroup;
			children = (
				B705ED361D1282860044DE64 /* GYBannerModel.swift */,
			);
			path = Model;
			sourceTree = "<group>";
		};
		B705ED331D127EFA0044DE64 /* Lib */ = {
			isa = PBXGroup;
			children = (
				B705ED341D127F040044DE64 /* GYBanner.swift */,
			);
			path = Lib;
			sourceTree = "<group>";
		};
		B75FCF581D1128740039F935 /* OAuth(授权) */ = {
			isa = PBXGroup;
			children = (
				B797CAA11D179F2900491C11 /* MJ.gif */,
				B75FCF641D112AAD0039F935 /* OAuthVCViewController.swift */,
				B75FCF681D1130710039F935 /* UserAccount.swift */,
				B75FCF6B1D1142DE0039F935 /* GYJingDong-Bridging-Header.h */,
			);
			path = "OAuth(授权)";
			sourceTree = "<group>";
		};
		B75FCF5A1D1128E40039F935 /* Tool(工具类) */ = {
			isa = PBXGroup;
			children = (
				B79153901D33B458008D4E6A /* 网络监控 */,
				B77D081C1D2DEFA800F1F2ED /* 图片进度条 */,
				B76BE0F61D18ECF400A4B6E9 /* SQLite */,
				B797CAAA1D17F38F00491C11 /* LogMethod */,
				B705ED331D127EFA0044DE64 /* Lib */,
				B75FCF6F1D1143F70039F935 /* Main */,
				B75FCF661D1130010039F935 /* GlobaVivale.swift */,
			);
			path = "Tool(工具类)";
			sourceTree = "<group>";
		};
		B75FCF6A1D113FC10039F935 /* NetWorkManager */ = {
			isa = PBXGroup;
			children = (
				B75FCF601D1129C10039F935 /* GYNetWorking.swift */,
				B75FCF621D1129CA0039F935 /* NetWorkPlist.plist */,
			);
			path = NetWorkManager;
			sourceTree = "<group>";
		};
		B75FCF6F1D1143F70039F935 /* Main */ = {
			isa = PBXGroup;
			children = (
				B75FCF701D1144160039F935 /* GYTabBarViewController.swift */,
				B75FCF781D1146930039F935 /* GYBaseViewController.swift */,
				B76BE0FD1D19542400A4B6E9 /* GYBaseWebViewController.swift */,
			);
			path = Main;
			sourceTree = "<group>";
		};
		B75FCF721D1144930039F935 /* ValueBuy */ = {
			isa = PBXGroup;
			children = (
				B75FCF7A1D11492E0039F935 /* ValueBuyVC.swift */,
			);
			path = ValueBuy;
			sourceTree = "<group>";
		};
		B75FCF731D1144A20039F935 /* Found */ = {
			isa = PBXGroup;
			children = (
				B705ED301D1272EC0044DE64 /* Model */,
				B705ED2F1D1272E40044DE64 /* ModelView */,
				B705ED291D12661E0044DE64 /* View */,
				B75FCF7C1D1149430039F935 /* FoundVC.swift */,
			);
			path = Found;
			sourceTree = "<group>";
		};
		B75FCF741D1144DA0039F935 /* GoodThing */ = {
			isa = PBXGroup;
			children = (
				B76BE1011D1A400C00A4B6E9 /* View */,
				B75FCF7E1D11496D0039F935 /* GoodThingVC.swift */,
			);
			path = GoodThing;
			sourceTree = "<group>";
		};
		B75FCF751D1144ED0039F935 /* Me */ = {
			isa = PBXGroup;
			children = (
				B75FCF801D11497E0039F935 /* MeVC.swift */,
			);
			path = Me;
			sourceTree = "<group>";
		};
		B76BE0F61D18ECF400A4B6E9 /* SQLite */ = {
			isa = PBXGroup;
			children = (
				B76BE0FB1D190B0000A4B6E9 /* GYSQLite.swift */,
			);
			path = SQLite;
			sourceTree = "<group>";
		};
		B76BE1011D1A400C00A4B6E9 /* View */ = {
			isa = PBXGroup;
			children = (
				B76BE1021D1A402D00A4B6E9 /* GoodThingTableViewCell.swift */,
				B76BE1031D1A402D00A4B6E9 /* GoodThingTableViewCell.xib */,
			);
			path = View;
			sourceTree = "<group>";
		};
		B77D081C1D2DEFA800F1F2ED /* 图片进度条 */ = {
			isa = PBXGroup;
			children = (
				B77D081D1D2DF03400F1F2ED /* CircularLoaderView.swift */,
			);
			path = "图片进度条";
			sourceTree = "<group>";
		};
		B79153901D33B458008D4E6A /* 网络监控 */ = {
			isa = PBXGroup;
			children = (
			);
			path = "网络监控";
			sourceTree = "<group>";
		};
		B796D9A91D0FA81B00F0A2ED = {
			isa = PBXGroup;
			children = (
				B796D9B41D0FA81B00F0A2ED /* GYJingDong */,
				B796D9C91D0FA81B00F0A2ED /* GYJingDongTests */,
				B796D9D41D0FA81B00F0A2ED /* GYJingDongUITests */,
				B796D9B31D0FA81B00F0A2ED /* Products */,
				A93241A9B4B1EB6D3DF7B7CE /* Pods */,
				4091FE06FD13AB8285204070 /* Frameworks */,
			);
			sourceTree = "<group>";
		};
		B796D9B31D0FA81B00F0A2ED /* Products */ = {
			isa = PBXGroup;
			children = (
				B796D9B21D0FA81B00F0A2ED /* GYJingDong.app */,
				B796D9C61D0FA81B00F0A2ED /* GYJingDongTests.xctest */,
				B796D9D11D0FA81B00F0A2ED /* GYJingDongUITests.xctest */,
			);
			name = Products;
			sourceTree = "<group>";
		};
		B796D9B41D0FA81B00F0A2ED /* GYJingDong */ = {
			isa = PBXGroup;
			children = (
				B75FCF721D1144930039F935 /* ValueBuy */,
				B75FCF731D1144A20039F935 /* Found */,
				B75FCF741D1144DA0039F935 /* GoodThing */,
				B75FCF751D1144ED0039F935 /* Me */,
				B75FCF6A1D113FC10039F935 /* NetWorkManager */,
				B75FCF5A1D1128E40039F935 /* Tool(工具类) */,
				B75FCF581D1128740039F935 /* OAuth(授权) */,
				B796D9B51D0FA81B00F0A2ED /* AppDelegate.swift */,
				B796D9B71D0FA81B00F0A2ED /* ViewController.swift */,
				B796D9B91D0FA81B00F0A2ED /* Main.storyboard */,
				B796D9BC1D0FA81B00F0A2ED /* Assets.xcassets */,
				B796D9BE1D0FA81B00F0A2ED /* LaunchScreen.storyboard */,
				B796D9C11D0FA81B00F0A2ED /* Info.plist */,
			);
			path = GYJingDong;
			sourceTree = "<group>";
		};
		B796D9C91D0FA81B00F0A2ED /* GYJingDongTests */ = {
			isa = PBXGroup;
			children = (
				B796D9CA1D0FA81B00F0A2ED /* GYJingDongTests.swift */,
				B796D9CC1D0FA81B00F0A2ED /* Info.plist */,
			);
			path = GYJingDongTests;
			sourceTree = "<group>";
		};
		B796D9D41D0FA81B00F0A2ED /* GYJingDongUITests */ = {
			isa = PBXGroup;
			children = (
				B796D9D51D0FA81B00F0A2ED /* GYJingDongUITests.swift */,
				B796D9D71D0FA81B00F0A2ED /* Info.plist */,
			);
			path = GYJingDongUITests;
			sourceTree = "<group>";
		};
		B797CAAA1D17F38F00491C11 /* LogMethod */ = {
			isa = PBXGroup;
			children = (
				B797CAAB1D17F39C00491C11 /* LogOverride.swift */,
			);
			path = LogMethod;
			sourceTree = "<group>";
		};
/* End PBXGroup section */

/* Begin PBXNativeTarget section */
		B796D9B11D0FA81B00F0A2ED /* GYJingDong */ = {
			isa = PBXNativeTarget;
			buildConfigurationList = B796D9DA1D0FA81B00F0A2ED /* Build configuration list for PBXNativeTarget "GYJingDong" */;
			buildPhases = (
				3948985A14C3839322B3CFB4 /* Check Pods Manifest.lock */,
				B796D9AE1D0FA81B00F0A2ED /* Sources */,
				B796D9AF1D0FA81B00F0A2ED /* Frameworks */,
				B796D9B01D0FA81B00F0A2ED /* Resources */,
				F2EFF6300BE7AD8EC36C04E6 /* Embed Pods Frameworks */,
				E8D366E363A9B4DB54B4E068 /* Copy Pods Resources */,
			);
			buildRules = (
			);
			dependencies = (
			);
			name = GYJingDong;
			productName = GYJingDong;
			productReference = B796D9B21D0FA81B00F0A2ED /* GYJingDong.app */;
			productType = "com.apple.product-type.application";
		};
		B796D9C51D0FA81B00F0A2ED /* GYJingDongTests */ = {
			isa = PBXNativeTarget;
			buildConfigurationList = B796D9DD1D0FA81B00F0A2ED /* Build configuration list for PBXNativeTarget "GYJingDongTests" */;
			buildPhases = (
				B796D9C21D0FA81B00F0A2ED /* Sources */,
				B796D9C31D0FA81B00F0A2ED /* Frameworks */,
				B796D9C41D0FA81B00F0A2ED /* Resources */,
			);
			buildRules = (
			);
			dependencies = (
				B796D9C81D0FA81B00F0A2ED /* PBXTargetDependency */,
			);
			name = GYJingDongTests;
			productName = GYJingDongTests;
			productReference = B796D9C61D0FA81B00F0A2ED /* GYJingDongTests.xctest */;
			productType = "com.apple.product-type.bundle.unit-test";
		};
		B796D9D01D0FA81B00F0A2ED /* GYJingDongUITests */ = {
			isa = PBXNativeTarget;
			buildConfigurationList = B796D9E01D0FA81B00F0A2ED /* Build configuration list for PBXNativeTarget "GYJingDongUITests" */;
			buildPhases = (
				B796D9CD1D0FA81B00F0A2ED /* Sources */,
				B796D9CE1D0FA81B00F0A2ED /* Frameworks */,
				B796D9CF1D0FA81B00F0A2ED /* Resources */,
			);
			buildRules = (
			);
			dependencies = (
				B796D9D31D0FA81B00F0A2ED /* PBXTargetDependency */,
			);
			name = GYJingDongUITests;
			productName = GYJingDongUITests;
			productReference = B796D9D11D0FA81B00F0A2ED /* GYJingDongUITests.xctest */;
			productType = "com.apple.product-type.bundle.ui-testing";
		};
/* End PBXNativeTarget section */

/* Begin PBXProject section */
		B796D9AA1D0FA81B00F0A2ED /* Project object */ = {
			isa = PBXProject;
			attributes = {
				LastSwiftUpdateCheck = 0730;
				LastUpgradeCheck = 0730;
				ORGANIZATIONNAME = Giant;
				TargetAttributes = {
					B796D9B11D0FA81B00F0A2ED = {
						CreatedOnToolsVersion = 7.3;
						DevelopmentTeam = UZZG6NM74T;
					};
					B796D9C51D0FA81B00F0A2ED = {
						CreatedOnToolsVersion = 7.3;
						TestTargetID = B796D9B11D0FA81B00F0A2ED;
					};
					B796D9D01D0FA81B00F0A2ED = {
						CreatedOnToolsVersion = 7.3;
						TestTargetID = B796D9B11D0FA81B00F0A2ED;
					};
				};
			};
			buildConfigurationList = B796D9AD1D0FA81B00F0A2ED /* Build configuration list for PBXProject "GYJingDong" */;
			compatibilityVersion = "Xcode 3.2";
			developmentRegion = English;
			hasScannedForEncodings = 0;
			knownRegions = (
				en,
				Base,
			);
			mainGroup = B796D9A91D0FA81B00F0A2ED;
			productRefGroup = B796D9B31D0FA81B00F0A2ED /* Products */;
			projectDirPath = "";
			projectRoot = "";
			targets = (
				B796D9B11D0FA81B00F0A2ED /* GYJingDong */,
				B796D9C51D0FA81B00F0A2ED /* GYJingDongTests */,
				B796D9D01D0FA81B00F0A2ED /* GYJingDongUITests */,
			);
		};
/* End PBXProject section */

/* Begin PBXResourcesBuildPhase section */
		B796D9B01D0FA81B00F0A2ED /* Resources */ = {
			isa = PBXResourcesBuildPhase;
			buildActionMask = 2147483647;
			files = (
				B705ED3B1D12A7CD0044DE64 /* FoundCell.xib in Resources */,
				B796D9C01D0FA81B00F0A2ED /* LaunchScreen.storyboard in Resources */,
				B796D9BD1D0FA81B00F0A2ED /* Assets.xcassets in Resources */,
				B797CAA21D179F2900491C11 /* MJ.gif in Resources */,
				B76BE1051D1A402D00A4B6E9 /* GoodThingTableViewCell.xib in Resources */,
				B75FCF631D1129CA0039F935 /* NetWorkPlist.plist in Resources */,
				B796D9BB1D0FA81B00F0A2ED /* Main.storyboard in Resources */,
			);
			runOnlyForDeploymentPostprocessing = 0;
		};
		B796D9C41D0FA81B00F0A2ED /* Resources */ = {
			isa = PBXResourcesBuildPhase;
			buildActionMask = 2147483647;
			files = (
			);
			runOnlyForDeploymentPostprocessing = 0;
		};
		B796D9CF1D0FA81B00F0A2ED /* Resources */ = {
			isa = PBXResourcesBuildPhase;
			buildActionMask = 2147483647;
			files = (
			);
			runOnlyForDeploymentPostprocessing = 0;
		};
/* End PBXResourcesBuildPhase section */

/* Begin PBXShellScriptBuildPhase section */
		3948985A14C3839322B3CFB4 /* Check Pods Manifest.lock */ = {
			isa = PBXShellScriptBuildPhase;
			buildActionMask = 2147483647;
			files = (
			);
			inputPaths = (
			);
			name = "Check Pods Manifest.lock";
			outputPaths = (
			);
			runOnlyForDeploymentPostprocessing = 0;
			shellPath = /bin/sh;
			shellScript = "diff \"${PODS_ROOT}/../Podfile.lock\" \"${PODS_ROOT}/Manifest.lock\" > /dev/null\nif [[ $? != 0 ]] ; then\n    cat << EOM\nerror: The sandbox is not in sync with the Podfile.lock. Run 'pod install' or update your CocoaPods installation.\nEOM\n    exit 1\nfi\n";
			showEnvVarsInLog = 0;
		};
		E8D366E363A9B4DB54B4E068 /* Copy Pods Resources */ = {
			isa = PBXShellScriptBuildPhase;
			buildActionMask = 2147483647;
			files = (
			);
			inputPaths = (
			);
			name = "Copy Pods Resources";
			outputPaths = (
			);
			runOnlyForDeploymentPostprocessing = 0;
			shellPath = /bin/sh;
			shellScript = "\"${SRCROOT}/Pods/Target Support Files/Pods-GYJingDong/Pods-GYJingDong-resources.sh\"\n";
			showEnvVarsInLog = 0;
		};
		F2EFF6300BE7AD8EC36C04E6 /* Embed Pods Frameworks */ = {
			isa = PBXShellScriptBuildPhase;
			buildActionMask = 2147483647;
			files = (
			);
			inputPaths = (
			);
			name = "Embed Pods Frameworks";
			outputPaths = (
			);
			runOnlyForDeploymentPostprocessing = 0;
			shellPath = /bin/sh;
			shellScript = "\"${SRCROOT}/Pods/Target Support Files/Pods-GYJingDong/Pods-GYJingDong-frameworks.sh\"\n";
			showEnvVarsInLog = 0;
		};
/* End PBXShellScriptBuildPhase section */

/* Begin PBXSourcesBuildPhase section */
		B796D9AE1D0FA81B00F0A2ED /* Sources */ = {
			isa = PBXSourcesBuildPhase;
			buildActionMask = 2147483647;
			files = (
				B75FCF711D1144160039F935 /* GYTabBarViewController.swift in Sources */,
				B797CAA71D17EC0300491C11 /* FoundViewModel.swift in Sources */,
				B76BE1001D1955A400A4B6E9 /* DetailViewController.swift in Sources */,
				B705ED2E1D12664B0044DE64 /* FoundHeadView.swift in Sources */,
				B796D9B81D0FA81B00F0A2ED /* ViewController.swift in Sources */,
				B76BE1041D1A402D00A4B6E9 /* GoodThingTableViewCell.swift in Sources */,
				B76BE0FE1D19542400A4B6E9 /* GYBaseWebViewController.swift in Sources */,
				B75FCF611D1129C10039F935 /* GYNetWorking.swift in Sources */,
				B75FCF691D1130710039F935 /* UserAccount.swift in Sources */,
				B705ED371D1282860044DE64 /* GYBannerModel.swift in Sources */,
				B705ED351D127F040044DE64 /* GYBanner.swift in Sources */,
				B75FCF811D11497E0039F935 /* MeVC.swift in Sources */,
				B705ED391D12A7A30044DE64 /* FoundCell.swift in Sources */,
				B797CAAC1D17F39C00491C11 /* LogOverride.swift in Sources */,
				B75FCF7B1D11492E0039F935 /* ValueBuyVC.swift in Sources */,
				B75FCF7D1D1149430039F935 /* FoundVC.swift in Sources */,
				B76BE0FC1D190B0000A4B6E9 /* GYSQLite.swift in Sources */,
				B75FCF671D1130010039F935 /* GlobaVivale.swift in Sources */,
				B705ED321D1273330044DE64 /* ChildHeadView.swift in Sources */,
				B796D9B61D0FA81B00F0A2ED /* AppDelegate.swift in Sources */,
				B75FCF7F1D11496D0039F935 /* GoodThingVC.swift in Sources */,
				B77D081E1D2DF03400F1F2ED /* CircularLoaderView.swift in Sources */,
				B797CAA91D17EE0C00491C11 /* ViewModelClass.swift in Sources */,
				B75FCF651D112AAD0039F935 /* OAuthVCViewController.swift in Sources */,
				B75FCF791D1146930039F935 /* GYBaseViewController.swift in Sources */,
			);
			runOnlyForDeploymentPostprocessing = 0;
		};
		B796D9C21D0FA81B00F0A2ED /* Sources */ = {
			isa = PBXSourcesBuildPhase;
			buildActionMask = 2147483647;
			files = (
				B796D9CB1D0FA81B00F0A2ED /* GYJingDongTests.swift in Sources */,
			);
			runOnlyForDeploymentPostprocessing = 0;
		};
		B796D9CD1D0FA81B00F0A2ED /* Sources */ = {
			isa = PBXSourcesBuildPhase;
			buildActionMask = 2147483647;
			files = (
				B796D9D61D0FA81B00F0A2ED /* GYJingDongUITests.swift in Sources */,
			);
			runOnlyForDeploymentPostprocessing = 0;
		};
/* End PBXSourcesBuildPhase section */

/* Begin PBXTargetDependency section */
		B796D9C81D0FA81B00F0A2ED /* PBXTargetDependency */ = {
			isa = PBXTargetDependency;
			target = B796D9B11D0FA81B00F0A2ED /* GYJingDong */;
			targetProxy = B796D9C71D0FA81B00F0A2ED /* PBXContainerItemProxy */;
		};
		B796D9D31D0FA81B00F0A2ED /* PBXTargetDependency */ = {
			isa = PBXTargetDependency;
			target = B796D9B11D0FA81B00F0A2ED /* GYJingDong */;
			targetProxy = B796D9D21D0FA81B00F0A2ED /* PBXContainerItemProxy */;
		};
/* End PBXTargetDependency section */

/* Begin PBXVariantGroup section */
		B796D9B91D0FA81B00F0A2ED /* Main.storyboard */ = {
			isa = PBXVariantGroup;
			children = (
				B796D9BA1D0FA81B00F0A2ED /* Base */,
			);
			name = Main.storyboard;
			sourceTree = "<group>";
		};
		B796D9BE1D0FA81B00F0A2ED /* LaunchScreen.storyboard */ = {
			isa = PBXVariantGroup;
			children = (
				B796D9BF1D0FA81B00F0A2ED /* Base */,
			);
			name = LaunchScreen.storyboard;
			sourceTree = "<group>";
		};
/* End PBXVariantGroup section */

/* Begin XCBuildConfiguration section */
		B796D9D81D0FA81B00F0A2ED /* Debug */ = {
			isa = XCBuildConfiguration;
			buildSettings = {
				ALWAYS_SEARCH_USER_PATHS = NO;
				CLANG_ANALYZER_NONNULL = YES;
				CLANG_CXX_LANGUAGE_STANDARD = "gnu++0x";
				CLANG_CXX_LIBRARY = "libc++";
				CLANG_ENABLE_MODULES = YES;
				CLANG_ENABLE_OBJC_ARC = YES;
				CLANG_WARN_BOOL_CONVERSION = YES;
				CLANG_WARN_CONSTANT_CONVERSION = YES;
				CLANG_WARN_DIRECT_OBJC_ISA_USAGE = YES_ERROR;
				CLANG_WARN_EMPTY_BODY = YES;
				CLANG_WARN_ENUM_CONVERSION = YES;
				CLANG_WARN_INT_CONVERSION = YES;
				CLANG_WARN_OBJC_ROOT_CLASS = YES_ERROR;
				CLANG_WARN_UNREACHABLE_CODE = YES;
				CLANG_WARN__DUPLICATE_METHOD_MATCH = YES;
				"CODE_SIGN_IDENTITY[sdk=iphoneos*]" = "iPhone Developer";
				COPY_PHASE_STRIP = NO;
				DEBUG_INFORMATION_FORMAT = dwarf;
				ENABLE_STRICT_OBJC_MSGSEND = YES;
				ENABLE_TESTABILITY = YES;
				GCC_C_LANGUAGE_STANDARD = gnu99;
				GCC_DYNAMIC_NO_PIC = NO;
				GCC_NO_COMMON_BLOCKS = YES;
				GCC_OPTIMIZATION_LEVEL = 0;
				GCC_PREPROCESSOR_DEFINITIONS = (
					"DEBUG=1",
					"$(inherited)",
				);
				GCC_WARN_64_TO_32_BIT_CONVERSION = YES;
				GCC_WARN_ABOUT_RETURN_TYPE = YES_ERROR;
				GCC_WARN_UNDECLARED_SELECTOR = YES;
				GCC_WARN_UNINITIALIZED_AUTOS = YES_AGGRESSIVE;
				GCC_WARN_UNUSED_FUNCTION = YES;
				GCC_WARN_UNUSED_VARIABLE = YES;
				IPHONEOS_DEPLOYMENT_TARGET = 8.0;
				MTL_ENABLE_DEBUG_INFO = YES;
				ONLY_ACTIVE_ARCH = YES;
				SDKROOT = iphoneos;
				SWIFT_OPTIMIZATION_LEVEL = "-Onone";
			};
			name = Debug;
		};
		B796D9D91D0FA81B00F0A2ED /* Release */ = {
			isa = XCBuildConfiguration;
			buildSettings = {
				ALWAYS_SEARCH_USER_PATHS = NO;
				CLANG_ANALYZER_NONNULL = YES;
				CLANG_CXX_LANGUAGE_STANDARD = "gnu++0x";
				CLANG_CXX_LIBRARY = "libc++";
				CLANG_ENABLE_MODULES = YES;
				CLANG_ENABLE_OBJC_ARC = YES;
				CLANG_WARN_BOOL_CONVERSION = YES;
				CLANG_WARN_CONSTANT_CONVERSION = YES;
				CLANG_WARN_DIRECT_OBJC_ISA_USAGE = YES_ERROR;
				CLANG_WARN_EMPTY_BODY = YES;
				CLANG_WARN_ENUM_CONVERSION = YES;
				CLANG_WARN_INT_CONVERSION = YES;
				CLANG_WARN_OBJC_ROOT_CLASS = YES_ERROR;
				CLANG_WARN_UNREACHABLE_CODE = YES;
				CLANG_WARN__DUPLICATE_METHOD_MATCH = YES;
				"CODE_SIGN_IDENTITY[sdk=iphoneos*]" = "iPhone Developer";
				COPY_PHASE_STRIP = NO;
				DEBUG_INFORMATION_FORMAT = "dwarf-with-dsym";
				ENABLE_NS_ASSERTIONS = NO;
				ENABLE_STRICT_OBJC_MSGSEND = YES;
				GCC_C_LANGUAGE_STANDARD = gnu99;
				GCC_NO_COMMON_BLOCKS = YES;
				GCC_WARN_64_TO_32_BIT_CONVERSION = YES;
				GCC_WARN_ABOUT_RETURN_TYPE = YES_ERROR;
				GCC_WARN_UNDECLARED_SELECTOR = YES;
				GCC_WARN_UNINITIALIZED_AUTOS = YES_AGGRESSIVE;
				GCC_WARN_UNUSED_FUNCTION = YES;
				GCC_WARN_UNUSED_VARIABLE = YES;
				IPHONEOS_DEPLOYMENT_TARGET = 8.0;
				MTL_ENABLE_DEBUG_INFO = NO;
				SDKROOT = iphoneos;
				VALIDATE_PRODUCT = YES;
			};
			name = Release;
		};
		B796D9DB1D0FA81B00F0A2ED /* Debug */ = {
			isa = XCBuildConfiguration;
			baseConfigurationReference = 9565E2E7C43A6BCBA112C59A /* Pods-GYJingDong.debug.xcconfig */;
			buildSettings = {
				ASSETCATALOG_COMPILER_APPICON_NAME = AppIcon;
				ASSETCATALOG_COMPILER_LAUNCHIMAGE_NAME = "Brand Assets";
				CLANG_ENABLE_MODULES = YES;
				CODE_SIGN_IDENTITY = "iPhone Developer";
				INFOPLIST_FILE = GYJingDong/Info.plist;
				IPHONEOS_DEPLOYMENT_TARGET = 8.0;
				LD_RUNPATH_SEARCH_PATHS = "$(inherited) @executable_path/Frameworks";
				PRODUCT_BUNDLE_IDENTIFIER = com.zgy.GYJingDong;
				PRODUCT_NAME = "$(TARGET_NAME)";
				SWIFT_OBJC_BRIDGING_HEADER = "GYJingDong/OAuth(授权)/GYJingDong-Bridging-Header.h";
				SWIFT_OPTIMIZATION_LEVEL = "-Onone";
			};
			name = Debug;
		};
		B796D9DC1D0FA81B00F0A2ED /* Release */ = {
			isa = XCBuildConfiguration;
			baseConfigurationReference = 094782EB7C494F640C93EB3B /* Pods-GYJingDong.release.xcconfig */;
			buildSettings = {
				ASSETCATALOG_COMPILER_APPICON_NAME = AppIcon;
				ASSETCATALOG_COMPILER_LAUNCHIMAGE_NAME = "Brand Assets";
				CLANG_ENABLE_MODULES = YES;
				CODE_SIGN_IDENTITY = "iPhone Developer";
				INFOPLIST_FILE = GYJingDong/Info.plist;
				IPHONEOS_DEPLOYMENT_TARGET = 8.0;
				LD_RUNPATH_SEARCH_PATHS = "$(inherited) @executable_path/Frameworks";
				PRODUCT_BUNDLE_IDENTIFIER = com.zgy.GYJingDong;
				PRODUCT_NAME = "$(TARGET_NAME)";
				SWIFT_OBJC_BRIDGING_HEADER = "GYJingDong/OAuth(授权)/GYJingDong-Bridging-Header.h";
			};
			name = Release;
		};
		B796D9DE1D0FA81B00F0A2ED /* Debug */ = {
			isa = XCBuildConfiguration;
			buildSettings = {
				BUNDLE_LOADER = "$(TEST_HOST)";
				INFOPLIST_FILE = GYJingDongTests/Info.plist;
				LD_RUNPATH_SEARCH_PATHS = "$(inherited) @executable_path/Frameworks @loader_path/Frameworks";
				PRODUCT_BUNDLE_IDENTIFIER = com.zgy.GYJingDongTests;
				PRODUCT_NAME = "$(TARGET_NAME)";
				TEST_HOST = "$(BUILT_PRODUCTS_DIR)/GYJingDong.app/GYJingDong";
			};
			name = Debug;
		};
		B796D9DF1D0FA81B00F0A2ED /* Release */ = {
			isa = XCBuildConfiguration;
			buildSettings = {
				BUNDLE_LOADER = "$(TEST_HOST)";
				INFOPLIST_FILE = GYJingDongTests/Info.plist;
				LD_RUNPATH_SEARCH_PATHS = "$(inherited) @executable_path/Frameworks @loader_path/Frameworks";
				PRODUCT_BUNDLE_IDENTIFIER = com.zgy.GYJingDongTests;
				PRODUCT_NAME = "$(TARGET_NAME)";
				TEST_HOST = "$(BUILT_PRODUCTS_DIR)/GYJingDong.app/GYJingDong";
			};
			name = Release;
		};
		B796D9E11D0FA81B00F0A2ED /* Debug */ = {
			isa = XCBuildConfiguration;
			buildSettings = {
				INFOPLIST_FILE = GYJingDongUITests/Info.plist;
				LD_RUNPATH_SEARCH_PATHS = "$(inherited) @executable_path/Frameworks @loader_path/Frameworks";
				PRODUCT_BUNDLE_IDENTIFIER = com.zgy.GYJingDongUITests;
				PRODUCT_NAME = "$(TARGET_NAME)";
				TEST_TARGET_NAME = GYJingDong;
			};
			name = Debug;
		};
		B796D9E21D0FA81B00F0A2ED /* Release */ = {
			isa = XCBuildConfiguration;
			buildSettings = {
				INFOPLIST_FILE = GYJingDongUITests/Info.plist;
				LD_RUNPATH_SEARCH_PATHS = "$(inherited) @executable_path/Frameworks @loader_path/Frameworks";
				PRODUCT_BUNDLE_IDENTIFIER = com.zgy.GYJingDongUITests;
				PRODUCT_NAME = "$(TARGET_NAME)";
				TEST_TARGET_NAME = GYJingDong;
			};
			name = Release;
		};
/* End XCBuildConfiguration section */

/* Begin XCConfigurationList section */
		B796D9AD1D0FA81B00F0A2ED /* Build configuration list for PBXProject "GYJingDong" */ = {
			isa = XCConfigurationList;
			buildConfigurations = (
				B796D9D81D0FA81B00F0A2ED /* Debug */,
				B796D9D91D0FA81B00F0A2ED /* Release */,
			);
			defaultConfigurationIsVisible = 0;
			defaultConfigurationName = Release;
		};
		B796D9DA1D0FA81B00F0A2ED /* Build configuration list for PBXNativeTarget "GYJingDong" */ = {
			isa = XCConfigurationList;
			buildConfigurations = (
				B796D9DB1D0FA81B00F0A2ED /* Debug */,
				B796D9DC1D0FA81B00F0A2ED /* Release */,
			);
			defaultConfigurationIsVisible = 0;
			defaultConfigurationName = Release;
		};
		B796D9DD1D0FA81B00F0A2ED /* Build configuration list for PBXNativeTarget "GYJingDongTests" */ = {
			isa = XCConfigurationList;
			buildConfigurations = (
				B796D9DE1D0FA81B00F0A2ED /* Debug */,
				B796D9DF1D0FA81B00F0A2ED /* Release */,
			);
			defaultConfigurationIsVisible = 0;
			defaultConfigurationName = Release;
		};
		B796D9E01D0FA81B00F0A2ED /* Build configuration list for PBXNativeTarget "GYJingDongUITests" */ = {
			isa = XCConfigurationList;
			buildConfigurations = (
				B796D9E11D0FA81B00F0A2ED /* Debug */,
				B796D9E21D0FA81B00F0A2ED /* Release */,
			);
			defaultConfigurationIsVisible = 0;
			defaultConfigurationName = Release;
		};
/* End XCConfigurationList section */
	};
	rootObject = B796D9AA1D0FA81B00F0A2ED /* Project object */;
}
